
Microsoft Visual Studio Solution File, Format Version 12.00
# Visual Studio Version 17
VisualStudioVersion = 17.3.32819.101
MinimumVisualStudioVersion = 10.0.40219.1
Project("{FAE04EC0-301F-11D3-BF4B-00C04F79EFBC}") = "Licores", "Licores\Licores.csproj", "{AD91524F-6FE8-45F7-92E3-98B2C5AE0FC8}"
EndProject
Project("{FAE04EC0-301F-11D3-BF4B-00C04F79EFBC}") = "CapaBaseDatos", "CapaBaseDatos\CapaBaseDatos.csproj", "{6493827D-8949-4FCC-BD94-8623493B6EF1}"
EndProject
Project("{FAE04EC0-301F-11D3-BF4B-00C04F79EFBC}") = "CapaLogica", "CapaLogica\CapaLogica.csproj", "{90782EC6-7B90-453C-873F-838ECAC80F09}"
EndProject
Global
	GlobalSection(SolutionConfigurationPlatforms) = preSolution
		Debug|Any CPU = Debug|Any CPU
		Release|Any CPU = Release|Any CPU
	EndGlobalSection
	GlobalSection(ProjectConfigurationPlatforms) = postSolution
		{AD91524F-6FE8-45F7-92E3-98B2C5AE0FC8}.Debug|Any CPU.ActiveCfg = Debug|Any CPU
		{AD91524F-6FE8-45F7-92E3-98B2C5AE0FC8}.Debug|Any CPU.Build.0 = Debug|Any CPU
		{AD91524F-6FE8-45F7-92E3-98B2C5AE0FC8}.Release|Any CPU.ActiveCfg = Release|Any CPU
		{AD91524F-6FE8-45F7-92E3-98B2C5AE0FC8}.Release|Any CPU.Build.0 = Release|Any CPU
		{6493827D-8949-4FCC-BD94-8623493B6EF1}.Debug|Any CPU.ActiveCfg = Debug|Any CPU
		{6493827D-8949-4FCC-BD94-8623493B6EF1}.Debug|Any CPU.Build.0 = Debug|Any CPU
		{6493827D-8949-4FCC-BD94-8623493B6EF1}.Release|Any CPU.ActiveCfg = Release|Any CPU
		{6493827D-8949-4FCC-BD94-8623493B6EF1}.Release|Any CPU.Build.0 = Release|Any CPU
		{90782EC6-7B90-453C-873F-838ECAC80F09}.Debug|Any CPU.ActiveCfg = Debug|Any CPU
		{90782EC6-7B90-453C-873F-838ECAC80F09}.Debug|Any CPU.Build.0 = Debug|Any CPU
		{90782EC6-7B90-453C-873F-838ECAC80F09}.Release|Any CPU.ActiveCfg = Release|Any CPU
		{90782EC6-7B90-453C-873F-838ECAC80F09}.Release|Any CPU.Build.0 = Release|Any CPU
	EndGlobalSection
	GlobalSection(SolutionProperties) = preSolution
		HideSolutionNode = FALSE
	EndGlobalSection
	GlobalSection(ExtensibilityGlobals) = postSolution
		SolutionGuid = {D4E70179-7F3C-489B-AE59-6E5B932C86A2}
	EndGlobalSection
EndGlobal
